// !$*UTF8*$!
{
	archiveVersion = 1;
	classes = {
	};
	objectVersion = 46;
	objects = {

/* Begin PBXBuildFile section */
		010B03E31D383CEE001472F3 /* DateHelper.swift in Sources */ = {isa = PBXBuildFile; fileRef = 010B03E21D383CEE001472F3 /* DateHelper.swift */; };
		0113B0861D36EB93003AD618 /* JSONHelper.swift in Sources */ = {isa = PBXBuildFile; fileRef = 0113B0851D36EB93003AD618 /* JSONHelper.swift */; };
		0113B0881D36F3D8003AD618 /* CourseCell.swift in Sources */ = {isa = PBXBuildFile; fileRef = 0113B0871D36F3D8003AD618 /* CourseCell.swift */; };
		0113B08A1D36F62C003AD618 /* Product.swift in Sources */ = {isa = PBXBuildFile; fileRef = 0113B0891D36F62C003AD618 /* Product.swift */; };
		01386BF31D40159C00E03374 /* ColorHelper.swift in Sources */ = {isa = PBXBuildFile; fileRef = 01386BF21D40159C00E03374 /* ColorHelper.swift */; };
		013D96E11D53BC710075493D /* AccountInfoCell.swift in Sources */ = {isa = PBXBuildFile; fileRef = 013D96E01D53BC710075493D /* AccountInfoCell.swift */; };
		014181451D497CF7005381C2 /* SettingsViewController.swift in Sources */ = {isa = PBXBuildFile; fileRef = 014181441D497CF7005381C2 /* SettingsViewController.swift */; };
		01460E911D458CA200A5DC38 /* MiniCourse.swift in Sources */ = {isa = PBXBuildFile; fileRef = 01460E901D458CA200A5DC38 /* MiniCourse.swift */; };
		01460E931D458CD300A5DC38 /* MiniProduct.swift in Sources */ = {isa = PBXBuildFile; fileRef = 01460E921D458CD300A5DC38 /* MiniProduct.swift */; };
		0148A4871D36BFD3002A8D78 /* CourseViewController.swift in Sources */ = {isa = PBXBuildFile; fileRef = 0148A4861D36BFD3002A8D78 /* CourseViewController.swift */; };
		0148A48C1D36D857002A8D78 /* Course.swift in Sources */ = {isa = PBXBuildFile; fileRef = 0148A48B1D36D857002A8D78 /* Course.swift */; };
		016761631D4414240059E091 /* NewProductViewController.swift in Sources */ = {isa = PBXBuildFile; fileRef = 016761621D4414240059E091 /* NewProductViewController.swift */; };
		0170D2FB1D35690D0008BB0C /* AppDelegate.swift in Sources */ = {isa = PBXBuildFile; fileRef = 0170D2FA1D35690D0008BB0C /* AppDelegate.swift */; };
		0170D2FD1D35690D0008BB0C /* ViewController.swift in Sources */ = {isa = PBXBuildFile; fileRef = 0170D2FC1D35690D0008BB0C /* ViewController.swift */; };
		0170D3001D35690D0008BB0C /* Main.storyboard in Resources */ = {isa = PBXBuildFile; fileRef = 0170D2FE1D35690D0008BB0C /* Main.storyboard */; };
		0170D3021D35690D0008BB0C /* Assets.xcassets in Resources */ = {isa = PBXBuildFile; fileRef = 0170D3011D35690D0008BB0C /* Assets.xcassets */; };
		0170D3051D35690D0008BB0C /* LaunchScreen.storyboard in Resources */ = {isa = PBXBuildFile; fileRef = 0170D3031D35690D0008BB0C /* LaunchScreen.storyboard */; };
		0170D3151D356FBB0008BB0C /* CoursesViewController.swift in Sources */ = {isa = PBXBuildFile; fileRef = 0170D3141D356FBB0008BB0C /* CoursesViewController.swift */; };
		0170D3171D356FC90008BB0C /* ProductsViewController.swift in Sources */ = {isa = PBXBuildFile; fileRef = 0170D3161D356FC90008BB0C /* ProductsViewController.swift */; };
		0170D31D1D3570000008BB0C /* AccountViewController.swift in Sources */ = {isa = PBXBuildFile; fileRef = 0170D31C1D3570000008BB0C /* AccountViewController.swift */; };
		0170D3221D3593BB0008BB0C /* ProductViewController.swift in Sources */ = {isa = PBXBuildFile; fileRef = 0170D3211D3593BB0008BB0C /* ProductViewController.swift */; };
		01A2CB7C1D394E1F000EDD2B /* User.swift in Sources */ = {isa = PBXBuildFile; fileRef = 01A2CB7B1D394E1F000EDD2B /* User.swift */; };
		01A2CB7E1D394E2F000EDD2B /* Post.swift in Sources */ = {isa = PBXBuildFile; fileRef = 01A2CB7D1D394E2F000EDD2B /* Post.swift */; };
		01A853701D4495B900046207 /* BoardViewController.swift in Sources */ = {isa = PBXBuildFile; fileRef = 01A8536F1D4495B900046207 /* BoardViewController.swift */; };
		01C1A44C1D48178B00D0BE5C /* FirebaseHelper.swift in Sources */ = {isa = PBXBuildFile; fileRef = 01C1A44B1D48178B00D0BE5C /* FirebaseHelper.swift */; };
		01C1A44E1D481C7500D0BE5C /* GoogleService-Info.plist in Resources */ = {isa = PBXBuildFile; fileRef = 01C1A44D1D481C7500D0BE5C /* GoogleService-Info.plist */; };
		01C1AF981D482B1F00CDE302 /* UpdateHelper.swift in Sources */ = {isa = PBXBuildFile; fileRef = 01C1AF971D482B1F00CDE302 /* UpdateHelper.swift */; };
		01C1D22A1D3EE4970011C7FF /* LoginHelper.swift in Sources */ = {isa = PBXBuildFile; fileRef = 01C1D2291D3EE4970011C7FF /* LoginHelper.swift */; };
		01D0EA8E1D41432E000F730E /* CourseHeaderCell.swift in Sources */ = {isa = PBXBuildFile; fileRef = 01D0EA8D1D41432E000F730E /* CourseHeaderCell.swift */; };
		01D0EA901D414337000F730E /* CourseInfoCell.swift in Sources */ = {isa = PBXBuildFile; fileRef = 01D0EA8F1D414337000F730E /* CourseInfoCell.swift */; };
		01D0EA921D414343000F730E /* CourseTextCell.swift in Sources */ = {isa = PBXBuildFile; fileRef = 01D0EA911D414343000F730E /* CourseTextCell.swift */; };
		01D0EA941D41434F000F730E /* CoursePostCell.swift in Sources */ = {isa = PBXBuildFile; fileRef = 01D0EA931D41434F000F730E /* CoursePostCell.swift */; };
		01D0EA961D414414000F730E /* CourseButtonCell.swift in Sources */ = {isa = PBXBuildFile; fileRef = 01D0EA951D414414000F730E /* CourseButtonCell.swift */; };
		01D0EA981D419278000F730E /* LogInViewController.swift in Sources */ = {isa = PBXBuildFile; fileRef = 01D0EA971D419278000F730E /* LogInViewController.swift */; };
		01D0F83C1D42DCA7005A94E0 /* AccountFieldCell.swift in Sources */ = {isa = PBXBuildFile; fileRef = 01D0F83B1D42DCA7005A94E0 /* AccountFieldCell.swift */; };
		01D20C581D5137FE0075A076 /* NewPostViewController.swift in Sources */ = {isa = PBXBuildFile; fileRef = 01D20C571D5137FE0075A076 /* NewPostViewController.swift */; };
		01D5EFAA1D440E14008BDB35 /* NewCourseViewController.swift in Sources */ = {isa = PBXBuildFile; fileRef = 01D5EFA91D440E14008BDB35 /* NewCourseViewController.swift */; };
		01DDE8CD1D4BF68D00CDCA7A /* EditProductViewController.swift in Sources */ = {isa = PBXBuildFile; fileRef = 01DDE8CC1D4BF68D00CDCA7A /* EditProductViewController.swift */; };
		01F2FC421D500AD7007C7B0A /* CourseNewPostCell.swift in Sources */ = {isa = PBXBuildFile; fileRef = 01F2FC411D500AD7007C7B0A /* CourseNewPostCell.swift */; };
		16E0890B392B59E29BB32378 /* Pods_MakeSchoolCourseBoard.framework in Frameworks */ = {isa = PBXBuildFile; fileRef = 783BC9D4F3BF09749A0CBC29 /* Pods_MakeSchoolCourseBoard.framework */; };
/* End PBXBuildFile section */

/* Begin PBXFileReference section */
		010B03E21D383CEE001472F3 /* DateHelper.swift */ = {isa = PBXFileReference; fileEncoding = 4; lastKnownFileType = sourcecode.swift; path = DateHelper.swift; sourceTree = "<group>"; };
		0113B0851D36EB93003AD618 /* JSONHelper.swift */ = {isa = PBXFileReference; fileEncoding = 4; lastKnownFileType = sourcecode.swift; path = JSONHelper.swift; sourceTree = "<group>"; };
		0113B0871D36F3D8003AD618 /* CourseCell.swift */ = {isa = PBXFileReference; fileEncoding = 4; lastKnownFileType = sourcecode.swift; path = CourseCell.swift; sourceTree = "<group>"; };
		0113B0891D36F62C003AD618 /* Product.swift */ = {isa = PBXFileReference; fileEncoding = 4; lastKnownFileType = sourcecode.swift; path = Product.swift; sourceTree = "<group>"; };
		01386BF21D40159C00E03374 /* ColorHelper.swift */ = {isa = PBXFileReference; fileEncoding = 4; lastKnownFileType = sourcecode.swift; path = ColorHelper.swift; sourceTree = "<group>"; };
		013D96E01D53BC710075493D /* AccountInfoCell.swift */ = {isa = PBXFileReference; fileEncoding = 4; lastKnownFileType = sourcecode.swift; path = AccountInfoCell.swift; sourceTree = "<group>"; };
		014181441D497CF7005381C2 /* SettingsViewController.swift */ = {isa = PBXFileReference; fileEncoding = 4; lastKnownFileType = sourcecode.swift; path = SettingsViewController.swift; sourceTree = "<group>"; };
		01460E901D458CA200A5DC38 /* MiniCourse.swift */ = {isa = PBXFileReference; fileEncoding = 4; lastKnownFileType = sourcecode.swift; path = MiniCourse.swift; sourceTree = "<group>"; };
		01460E921D458CD300A5DC38 /* MiniProduct.swift */ = {isa = PBXFileReference; fileEncoding = 4; lastKnownFileType = sourcecode.swift; path = MiniProduct.swift; sourceTree = "<group>"; };
		0148A4861D36BFD3002A8D78 /* CourseViewController.swift */ = {isa = PBXFileReference; fileEncoding = 4; lastKnownFileType = sourcecode.swift; path = CourseViewController.swift; sourceTree = "<group>"; };
		0148A48B1D36D857002A8D78 /* Course.swift */ = {isa = PBXFileReference; fileEncoding = 4; lastKnownFileType = sourcecode.swift; path = Course.swift; sourceTree = "<group>"; };
		016761621D4414240059E091 /* NewProductViewController.swift */ = {isa = PBXFileReference; fileEncoding = 4; lastKnownFileType = sourcecode.swift; path = NewProductViewController.swift; sourceTree = "<group>"; };
		0170D2F71D35690D0008BB0C /* MakeSchoolCourseBoard.app */ = {isa = PBXFileReference; explicitFileType = wrapper.application; includeInIndex = 0; path = MakeSchoolCourseBoard.app; sourceTree = BUILT_PRODUCTS_DIR; };
		0170D2FA1D35690D0008BB0C /* AppDelegate.swift */ = {isa = PBXFileReference; lastKnownFileType = sourcecode.swift; path = AppDelegate.swift; sourceTree = "<group>"; };
		0170D2FC1D35690D0008BB0C /* ViewController.swift */ = {isa = PBXFileReference; lastKnownFileType = sourcecode.swift; path = ViewController.swift; sourceTree = "<group>"; };
		0170D2FF1D35690D0008BB0C /* Base */ = {isa = PBXFileReference; lastKnownFileType = file.storyboard; name = Base; path = Base.lproj/Main.storyboard; sourceTree = "<group>"; };
		0170D3011D35690D0008BB0C /* Assets.xcassets */ = {isa = PBXFileReference; lastKnownFileType = folder.assetcatalog; path = Assets.xcassets; sourceTree = "<group>"; };
		0170D3041D35690D0008BB0C /* Base */ = {isa = PBXFileReference; lastKnownFileType = file.storyboard; name = Base; path = Base.lproj/LaunchScreen.storyboard; sourceTree = "<group>"; };
		0170D3061D35690D0008BB0C /* Info.plist */ = {isa = PBXFileReference; lastKnownFileType = text.plist.xml; path = Info.plist; sourceTree = "<group>"; };
		0170D3141D356FBB0008BB0C /* CoursesViewController.swift */ = {isa = PBXFileReference; fileEncoding = 4; lastKnownFileType = sourcecode.swift; path = CoursesViewController.swift; sourceTree = "<group>"; };
		0170D3161D356FC90008BB0C /* ProductsViewController.swift */ = {isa = PBXFileReference; fileEncoding = 4; lastKnownFileType = sourcecode.swift; path = ProductsViewController.swift; sourceTree = "<group>"; };
		0170D31C1D3570000008BB0C /* AccountViewController.swift */ = {isa = PBXFileReference; fileEncoding = 4; lastKnownFileType = sourcecode.swift; path = AccountViewController.swift; sourceTree = "<group>"; };
		0170D3211D3593BB0008BB0C /* ProductViewController.swift */ = {isa = PBXFileReference; fileEncoding = 4; lastKnownFileType = sourcecode.swift; path = ProductViewController.swift; sourceTree = "<group>"; };
		01A2CB7B1D394E1F000EDD2B /* User.swift */ = {isa = PBXFileReference; fileEncoding = 4; lastKnownFileType = sourcecode.swift; path = User.swift; sourceTree = "<group>"; };
		01A2CB7D1D394E2F000EDD2B /* Post.swift */ = {isa = PBXFileReference; fileEncoding = 4; lastKnownFileType = sourcecode.swift; path = Post.swift; sourceTree = "<group>"; };
		01A8536F1D4495B900046207 /* BoardViewController.swift */ = {isa = PBXFileReference; fileEncoding = 4; lastKnownFileType = sourcecode.swift; path = BoardViewController.swift; sourceTree = "<group>"; };
		01C1A44B1D48178B00D0BE5C /* FirebaseHelper.swift */ = {isa = PBXFileReference; fileEncoding = 4; lastKnownFileType = sourcecode.swift; path = FirebaseHelper.swift; sourceTree = "<group>"; };
		01C1A44D1D481C7500D0BE5C /* GoogleService-Info.plist */ = {isa = PBXFileReference; fileEncoding = 4; lastKnownFileType = text.plist.xml; path = "GoogleService-Info.plist"; sourceTree = SOURCE_ROOT; };
		01C1AF971D482B1F00CDE302 /* UpdateHelper.swift */ = {isa = PBXFileReference; fileEncoding = 4; lastKnownFileType = sourcecode.swift; path = UpdateHelper.swift; sourceTree = "<group>"; };
		01C1D2291D3EE4970011C7FF /* LoginHelper.swift */ = {isa = PBXFileReference; fileEncoding = 4; lastKnownFileType = sourcecode.swift; path = LoginHelper.swift; sourceTree = "<group>"; };
		01D0EA8D1D41432E000F730E /* CourseHeaderCell.swift */ = {isa = PBXFileReference; fileEncoding = 4; lastKnownFileType = sourcecode.swift; path = CourseHeaderCell.swift; sourceTree = "<group>"; };
		01D0EA8F1D414337000F730E /* CourseInfoCell.swift */ = {isa = PBXFileReference; fileEncoding = 4; lastKnownFileType = sourcecode.swift; path = CourseInfoCell.swift; sourceTree = "<group>"; };
		01D0EA911D414343000F730E /* CourseTextCell.swift */ = {isa = PBXFileReference; fileEncoding = 4; lastKnownFileType = sourcecode.swift; path = CourseTextCell.swift; sourceTree = "<group>"; };
		01D0EA931D41434F000F730E /* CoursePostCell.swift */ = {isa = PBXFileReference; fileEncoding = 4; lastKnownFileType = sourcecode.swift; path = CoursePostCell.swift; sourceTree = "<group>"; };
		01D0EA951D414414000F730E /* CourseButtonCell.swift */ = {isa = PBXFileReference; fileEncoding = 4; lastKnownFileType = sourcecode.swift; path = CourseButtonCell.swift; sourceTree = "<group>"; };
		01D0EA971D419278000F730E /* LogInViewController.swift */ = {isa = PBXFileReference; fileEncoding = 4; lastKnownFileType = sourcecode.swift; path = LogInViewController.swift; sourceTree = "<group>"; };
		01D0F83B1D42DCA7005A94E0 /* AccountFieldCell.swift */ = {isa = PBXFileReference; fileEncoding = 4; lastKnownFileType = sourcecode.swift; path = AccountFieldCell.swift; sourceTree = "<group>"; };
		01D20C571D5137FE0075A076 /* NewPostViewController.swift */ = {isa = PBXFileReference; fileEncoding = 4; lastKnownFileType = sourcecode.swift; path = NewPostViewController.swift; sourceTree = "<group>"; };
		01D5EFA91D440E14008BDB35 /* NewCourseViewController.swift */ = {isa = PBXFileReference; fileEncoding = 4; lastKnownFileType = sourcecode.swift; path = NewCourseViewController.swift; sourceTree = "<group>"; };
		01DDE8CC1D4BF68D00CDCA7A /* EditProductViewController.swift */ = {isa = PBXFileReference; fileEncoding = 4; lastKnownFileType = sourcecode.swift; path = EditProductViewController.swift; sourceTree = "<group>"; };
		01F2FC411D500AD7007C7B0A /* CourseNewPostCell.swift */ = {isa = PBXFileReference; fileEncoding = 4; lastKnownFileType = sourcecode.swift; path = CourseNewPostCell.swift; sourceTree = "<group>"; };
		4C8892FB9CD80C05AC2A1A24 /* Pods-MakeSchoolCourseBoard.debug.xcconfig */ = {isa = PBXFileReference; includeInIndex = 1; lastKnownFileType = text.xcconfig; name = "Pods-MakeSchoolCourseBoard.debug.xcconfig"; path = "Pods/Target Support Files/Pods-MakeSchoolCourseBoard/Pods-MakeSchoolCourseBoard.debug.xcconfig"; sourceTree = "<group>"; };
		783BC9D4F3BF09749A0CBC29 /* Pods_MakeSchoolCourseBoard.framework */ = {isa = PBXFileReference; explicitFileType = wrapper.framework; includeInIndex = 0; path = Pods_MakeSchoolCourseBoard.framework; sourceTree = BUILT_PRODUCTS_DIR; };
		EF6CF268DE42CF6FFD1C939D /* Pods-MakeSchoolCourseBoard.release.xcconfig */ = {isa = PBXFileReference; includeInIndex = 1; lastKnownFileType = text.xcconfig; name = "Pods-MakeSchoolCourseBoard.release.xcconfig"; path = "Pods/Target Support Files/Pods-MakeSchoolCourseBoard/Pods-MakeSchoolCourseBoard.release.xcconfig"; sourceTree = "<group>"; };
/* End PBXFileReference section */

/* Begin PBXFrameworksBuildPhase section */
		0170D2F41D35690D0008BB0C /* Frameworks */ = {
			isa = PBXFrameworksBuildPhase;
			buildActionMask = 2147483647;
			files = (
				16E0890B392B59E29BB32378 /* Pods_MakeSchoolCourseBoard.framework in Frameworks */,
			);
			runOnlyForDeploymentPostprocessing = 0;
		};
/* End PBXFrameworksBuildPhase section */

/* Begin PBXGroup section */
		01386BEF1D40144C00E03374 /* Courses */ = {
			isa = PBXGroup;
			children = (
				0170D3141D356FBB0008BB0C /* CoursesViewController.swift */,
				0148A4861D36BFD3002A8D78 /* CourseViewController.swift */,
				01D5EFA91D440E14008BDB35 /* NewCourseViewController.swift */,
			);
			name = Courses;
			sourceTree = "<group>";
		};
		01386BF01D40145E00E03374 /* Products */ = {
			isa = PBXGroup;
			children = (
				0170D3161D356FC90008BB0C /* ProductsViewController.swift */,
				0170D3211D3593BB0008BB0C /* ProductViewController.swift */,
				016761621D4414240059E091 /* NewProductViewController.swift */,
				01DDE8CC1D4BF68D00CDCA7A /* EditProductViewController.swift */,
			);
			name = Products;
			sourceTree = "<group>";
		};
		01386BF11D40156D00E03374 /* Courses */ = {
			isa = PBXGroup;
			children = (
				0113B0871D36F3D8003AD618 /* CourseCell.swift */,
				01D0EA8D1D41432E000F730E /* CourseHeaderCell.swift */,
				01D0EA8F1D414337000F730E /* CourseInfoCell.swift */,
				01D0EA911D414343000F730E /* CourseTextCell.swift */,
				01D0EA951D414414000F730E /* CourseButtonCell.swift */,
				01D0EA931D41434F000F730E /* CoursePostCell.swift */,
				01F2FC411D500AD7007C7B0A /* CourseNewPostCell.swift */,
			);
			name = Courses;
			sourceTree = "<group>";
		};
		0148A4831D36BD29002A8D78 /* Helpers */ = {
			isa = PBXGroup;
			children = (
				01C1D2291D3EE4970011C7FF /* LoginHelper.swift */,
				010B03E21D383CEE001472F3 /* DateHelper.swift */,
				0113B0851D36EB93003AD618 /* JSONHelper.swift */,
				01386BF21D40159C00E03374 /* ColorHelper.swift */,
				01C1A44B1D48178B00D0BE5C /* FirebaseHelper.swift */,
				01C1AF971D482B1F00CDE302 /* UpdateHelper.swift */,
			);
			name = Helpers;
			sourceTree = "<group>";
		};
		0148A48A1D36D846002A8D78 /* Models */ = {
			isa = PBXGroup;
			children = (
				01460E901D458CA200A5DC38 /* MiniCourse.swift */,
				0148A48B1D36D857002A8D78 /* Course.swift */,
				01460E921D458CD300A5DC38 /* MiniProduct.swift */,
				0113B0891D36F62C003AD618 /* Product.swift */,
				01A2CB7B1D394E1F000EDD2B /* User.swift */,
				01A2CB7D1D394E2F000EDD2B /* Post.swift */,
			);
			name = Models;
			sourceTree = "<group>";
		};
		0170D2EE1D35690D0008BB0C = {
			isa = PBXGroup;
			children = (
				0170D2F91D35690D0008BB0C /* MakeSchoolCourseBoard */,
				0170D2F81D35690D0008BB0C /* Products */,
				9FD4C6C559C737F045E1CE62 /* Pods */,
				14A5E9C3AD3A193D646E3A49 /* Frameworks */,
			);
			sourceTree = "<group>";
		};
		0170D2F81D35690D0008BB0C /* Products */ = {
			isa = PBXGroup;
			children = (
				0170D2F71D35690D0008BB0C /* MakeSchoolCourseBoard.app */,
			);
			name = Products;
			sourceTree = "<group>";
		};
		0170D2F91D35690D0008BB0C /* MakeSchoolCourseBoard */ = {
			isa = PBXGroup;
			children = (
				0148A48A1D36D846002A8D78 /* Models */,
				0148A4831D36BD29002A8D78 /* Helpers */,
				0170D3111D356EAD0008BB0C /* ViewControllers */,
				01A24AC81D35ADC80050B184 /* Views */,
				0170D2FA1D35690D0008BB0C /* AppDelegate.swift */,
				0170D2FC1D35690D0008BB0C /* ViewController.swift */,
				0170D2FE1D35690D0008BB0C /* Main.storyboard */,
				0170D3011D35690D0008BB0C /* Assets.xcassets */,
				0170D3031D35690D0008BB0C /* LaunchScreen.storyboard */,
				0170D3061D35690D0008BB0C /* Info.plist */,
				01C1A44D1D481C7500D0BE5C /* GoogleService-Info.plist */,
			);
			path = MakeSchoolCourseBoard;
			sourceTree = "<group>";
		};
		0170D3111D356EAD0008BB0C /* ViewControllers */ = {
			isa = PBXGroup;
			children = (
				01D0EA971D419278000F730E /* LogInViewController.swift */,
				01A8536E1D44958F00046207 /* Board */,
				01386BEF1D40144C00E03374 /* Courses */,
				01386BF01D40145E00E03374 /* Products */,
				01D0F8391D4287C3005A94E0 /* Account */,
			);
			name = ViewControllers;
			sourceTree = "<group>";
		};
		01A24AC81D35ADC80050B184 /* Views */ = {
			isa = PBXGroup;
			children = (
				01D0F83A1D42DC92005A94E0 /* Account */,
				01386BF11D40156D00E03374 /* Courses */,
			);
			name = Views;
			sourceTree = "<group>";
		};
		01A8536E1D44958F00046207 /* Board */ = {
			isa = PBXGroup;
			children = (
				01A8536F1D4495B900046207 /* BoardViewController.swift */,
				01D20C571D5137FE0075A076 /* NewPostViewController.swift */,
			);
			name = Board;
			sourceTree = "<group>";
		};
		01D0F8391D4287C3005A94E0 /* Account */ = {
			isa = PBXGroup;
			children = (
				0170D31C1D3570000008BB0C /* AccountViewController.swift */,
				014181441D497CF7005381C2 /* SettingsViewController.swift */,
			);
			name = Account;
			sourceTree = "<group>";
		};
		01D0F83A1D42DC92005A94E0 /* Account */ = {
			isa = PBXGroup;
			children = (
				01D0F83B1D42DCA7005A94E0 /* AccountFieldCell.swift */,
				013D96E01D53BC710075493D /* AccountInfoCell.swift */,
			);
			name = Account;
			sourceTree = "<group>";
		};
		14A5E9C3AD3A193D646E3A49 /* Frameworks */ = {
			isa = PBXGroup;
			children = (
				783BC9D4F3BF09749A0CBC29 /* Pods_MakeSchoolCourseBoard.framework */,
			);
			name = Frameworks;
			sourceTree = "<group>";
		};
		9FD4C6C559C737F045E1CE62 /* Pods */ = {
			isa = PBXGroup;
			children = (
				4C8892FB9CD80C05AC2A1A24 /* Pods-MakeSchoolCourseBoard.debug.xcconfig */,
				EF6CF268DE42CF6FFD1C939D /* Pods-MakeSchoolCourseBoard.release.xcconfig */,
			);
			name = Pods;
			sourceTree = "<group>";
		};
/* End PBXGroup section */

/* Begin PBXNativeTarget section */
		0170D2F61D35690D0008BB0C /* MakeSchoolCourseBoard */ = {
			isa = PBXNativeTarget;
			buildConfigurationList = 0170D3091D35690D0008BB0C /* Build configuration list for PBXNativeTarget "MakeSchoolCourseBoard" */;
			buildPhases = (
				6F9B396FE949704F51A21115 /* [CP] Check Pods Manifest.lock */,
				0170D2F31D35690D0008BB0C /* Sources */,
				0170D2F41D35690D0008BB0C /* Frameworks */,
				0170D2F51D35690D0008BB0C /* Resources */,
				0F69A136FB2EDEA8891101F3 /* [CP] Embed Pods Frameworks */,
				A6ECBAA3E75D2EB5A92F0977 /* [CP] Copy Pods Resources */,
			);
			buildRules = (
			);
			dependencies = (
			);
			name = MakeSchoolCourseBoard;
			productName = MakeSchoolCourseBoard;
			productReference = 0170D2F71D35690D0008BB0C /* MakeSchoolCourseBoard.app */;
			productType = "com.apple.product-type.application";
		};
/* End PBXNativeTarget section */

/* Begin PBXProject section */
		0170D2EF1D35690D0008BB0C /* Project object */ = {
			isa = PBXProject;
			attributes = {
				LastSwiftUpdateCheck = 0730;
				LastUpgradeCheck = 0730;
				ORGANIZATIONNAME = "Nicholas Swift";
				TargetAttributes = {
					0170D2F61D35690D0008BB0C = {
						CreatedOnToolsVersion = 7.3.1;
						DevelopmentTeam = WTHBF7L2UE;
					};
				};
			};
			buildConfigurationList = 0170D2F21D35690D0008BB0C /* Build configuration list for PBXProject "MakeSchoolCourseBoard" */;
			compatibilityVersion = "Xcode 3.2";
			developmentRegion = English;
			hasScannedForEncodings = 0;
			knownRegions = (
				en,
				Base,
			);
			mainGroup = 0170D2EE1D35690D0008BB0C;
			productRefGroup = 0170D2F81D35690D0008BB0C /* Products */;
			projectDirPath = "";
			projectRoot = "";
			targets = (
				0170D2F61D35690D0008BB0C /* MakeSchoolCourseBoard */,
			);
		};
/* End PBXProject section */

/* Begin PBXResourcesBuildPhase section */
		0170D2F51D35690D0008BB0C /* Resources */ = {
			isa = PBXResourcesBuildPhase;
			buildActionMask = 2147483647;
			files = (
				0170D3051D35690D0008BB0C /* LaunchScreen.storyboard in Resources */,
				01C1A44E1D481C7500D0BE5C /* GoogleService-Info.plist in Resources */,
				0170D3021D35690D0008BB0C /* Assets.xcassets in Resources */,
				0170D3001D35690D0008BB0C /* Main.storyboard in Resources */,
			);
			runOnlyForDeploymentPostprocessing = 0;
		};
/* End PBXResourcesBuildPhase section */

/* Begin PBXShellScriptBuildPhase section */
		0F69A136FB2EDEA8891101F3 /* [CP] Embed Pods Frameworks */ = {
			isa = PBXShellScriptBuildPhase;
			buildActionMask = 2147483647;
			files = (
			);
			inputPaths = (
			);
			name = "[CP] Embed Pods Frameworks";
			outputPaths = (
			);
			runOnlyForDeploymentPostprocessing = 0;
			shellPath = /bin/sh;
			shellScript = "\"${SRCROOT}/Pods/Target Support Files/Pods-MakeSchoolCourseBoard/Pods-MakeSchoolCourseBoard-frameworks.sh\"\n";
			showEnvVarsInLog = 0;
		};
		6F9B396FE949704F51A21115 /* [CP] Check Pods Manifest.lock */ = {
			isa = PBXShellScriptBuildPhase;
			buildActionMask = 2147483647;
			files = (
			);
			inputPaths = (
			);
			name = "[CP] Check Pods Manifest.lock";
			outputPaths = (
			);
			runOnlyForDeploymentPostprocessing = 0;
			shellPath = /bin/sh;
			shellScript = "diff \"${PODS_ROOT}/../Podfile.lock\" \"${PODS_ROOT}/Manifest.lock\" > /dev/null\nif [[ $? != 0 ]] ; then\n    cat << EOM\nerror: The sandbox is not in sync with the Podfile.lock. Run 'pod install' or update your CocoaPods installation.\nEOM\n    exit 1\nfi\n";
			showEnvVarsInLog = 0;
		};
		A6ECBAA3E75D2EB5A92F0977 /* [CP] Copy Pods Resources */ = {
			isa = PBXShellScriptBuildPhase;
			buildActionMask = 2147483647;
			files = (
			);
			inputPaths = (
			);
			name = "[CP] Copy Pods Resources";
			outputPaths = (
			);
			runOnlyForDeploymentPostprocessing = 0;
			shellPath = /bin/sh;
			shellScript = "\"${SRCROOT}/Pods/Target Support Files/Pods-MakeSchoolCourseBoard/Pods-MakeSchoolCourseBoard-resources.sh\"\n";
			showEnvVarsInLog = 0;
		};
/* End PBXShellScriptBuildPhase section */

/* Begin PBXSourcesBuildPhase section */
		0170D2F31D35690D0008BB0C /* Sources */ = {
			isa = PBXSourcesBuildPhase;
			buildActionMask = 2147483647;
			files = (
				01A2CB7C1D394E1F000EDD2B /* User.swift in Sources */,
				010B03E31D383CEE001472F3 /* DateHelper.swift in Sources */,
				01D0EA961D414414000F730E /* CourseButtonCell.swift in Sources */,
				01D0EA981D419278000F730E /* LogInViewController.swift in Sources */,
				01D20C581D5137FE0075A076 /* NewPostViewController.swift in Sources */,
				0113B0861D36EB93003AD618 /* JSONHelper.swift in Sources */,
				01DDE8CD1D4BF68D00CDCA7A /* EditProductViewController.swift in Sources */,
				014181451D497CF7005381C2 /* SettingsViewController.swift in Sources */,
				0148A48C1D36D857002A8D78 /* Course.swift in Sources */,
				0170D3171D356FC90008BB0C /* ProductsViewController.swift in Sources */,
				01C1A44C1D48178B00D0BE5C /* FirebaseHelper.swift in Sources */,
				01D5EFAA1D440E14008BDB35 /* NewCourseViewController.swift in Sources */,
				01C1AF981D482B1F00CDE302 /* UpdateHelper.swift in Sources */,
				01D0EA921D414343000F730E /* CourseTextCell.swift in Sources */,
				0170D2FD1D35690D0008BB0C /* ViewController.swift in Sources */,
				01D0EA901D414337000F730E /* CourseInfoCell.swift in Sources */,
				01D0F83C1D42DCA7005A94E0 /* AccountFieldCell.swift in Sources */,
				01F2FC421D500AD7007C7B0A /* CourseNewPostCell.swift in Sources */,
				0170D3221D3593BB0008BB0C /* ProductViewController.swift in Sources */,
				0148A4871D36BFD3002A8D78 /* CourseViewController.swift in Sources */,
				01460E931D458CD300A5DC38 /* MiniProduct.swift in Sources */,
				016761631D4414240059E091 /* NewProductViewController.swift in Sources */,
				01D0EA941D41434F000F730E /* CoursePostCell.swift in Sources */,
				01A853701D4495B900046207 /* BoardViewController.swift in Sources */,
				01D0EA8E1D41432E000F730E /* CourseHeaderCell.swift in Sources */,
				0113B08A1D36F62C003AD618 /* Product.swift in Sources */,
				0113B0881D36F3D8003AD618 /* CourseCell.swift in Sources */,
				0170D2FB1D35690D0008BB0C /* AppDelegate.swift in Sources */,
				01386BF31D40159C00E03374 /* ColorHelper.swift in Sources */,
				01A2CB7E1D394E2F000EDD2B /* Post.swift in Sources */,
				01C1D22A1D3EE4970011C7FF /* LoginHelper.swift in Sources */,
				013D96E11D53BC710075493D /* AccountInfoCell.swift in Sources */,
				01460E911D458CA200A5DC38 /* MiniCourse.swift in Sources */,
				0170D3151D356FBB0008BB0C /* CoursesViewController.swift in Sources */,
				0170D31D1D3570000008BB0C /* AccountViewController.swift in Sources */,
			);
			runOnlyForDeploymentPostprocessing = 0;
		};
/* End PBXSourcesBuildPhase section */

/* Begin PBXVariantGroup section */
		0170D2FE1D35690D0008BB0C /* Main.storyboard */ = {
			isa = PBXVariantGroup;
			children = (
				0170D2FF1D35690D0008BB0C /* Base */,
			);
			name = Main.storyboard;
			sourceTree = "<group>";
		};
		0170D3031D35690D0008BB0C /* LaunchScreen.storyboard */ = {
			isa = PBXVariantGroup;
			children = (
				0170D3041D35690D0008BB0C /* Base */,
			);
			name = LaunchScreen.storyboard;
			sourceTree = "<group>";
		};
/* End PBXVariantGroup section */

/* Begin XCBuildConfiguration section */
		0170D3071D35690D0008BB0C /* Debug */ = {
			isa = XCBuildConfiguration;
			buildSettings = {
				ALWAYS_SEARCH_USER_PATHS = NO;
				CLANG_ANALYZER_NONNULL = YES;
				CLANG_CXX_LANGUAGE_STANDARD = "gnu++0x";
				CLANG_CXX_LIBRARY = "libc++";
				CLANG_ENABLE_MODULES = YES;
				CLANG_ENABLE_OBJC_ARC = YES;
				CLANG_WARN_BOOL_CONVERSION = YES;
				CLANG_WARN_CONSTANT_CONVERSION = YES;
				CLANG_WARN_DIRECT_OBJC_ISA_USAGE = YES_ERROR;
				CLANG_WARN_EMPTY_BODY = YES;
				CLANG_WARN_ENUM_CONVERSION = YES;
				CLANG_WARN_INT_CONVERSION = YES;
				CLANG_WARN_OBJC_ROOT_CLASS = YES_ERROR;
				CLANG_WARN_UNREACHABLE_CODE = YES;
				CLANG_WARN__DUPLICATE_METHOD_MATCH = YES;
				"CODE_SIGN_IDENTITY[sdk=iphoneos*]" = "iPhone Developer";
				COPY_PHASE_STRIP = NO;
				DEBUG_INFORMATION_FORMAT = dwarf;
				ENABLE_STRICT_OBJC_MSGSEND = YES;
				ENABLE_TESTABILITY = YES;
				GCC_C_LANGUAGE_STANDARD = gnu99;
				GCC_DYNAMIC_NO_PIC = NO;
				GCC_NO_COMMON_BLOCKS = YES;
				GCC_OPTIMIZATION_LEVEL = 0;
				GCC_PREPROCESSOR_DEFINITIONS = (
					"DEBUG=1",
					"$(inherited)",
				);
				GCC_WARN_64_TO_32_BIT_CONVERSION = YES;
				GCC_WARN_ABOUT_RETURN_TYPE = YES_ERROR;
				GCC_WARN_UNDECLARED_SELECTOR = YES;
				GCC_WARN_UNINITIALIZED_AUTOS = YES_AGGRESSIVE;
				GCC_WARN_UNUSED_FUNCTION = YES;
				GCC_WARN_UNUSED_VARIABLE = YES;
				IPHONEOS_DEPLOYMENT_TARGET = 9.3;
				MTL_ENABLE_DEBUG_INFO = YES;
				ONLY_ACTIVE_ARCH = YES;
				SDKROOT = iphoneos;
				SWIFT_OPTIMIZATION_LEVEL = "-Onone";
				TARGETED_DEVICE_FAMILY = "1,2";
			};
			name = Debug;
		};
		0170D3081D35690D0008BB0C /* Release */ = {
			isa = XCBuildConfiguration;
			buildSettings = {
				ALWAYS_SEARCH_USER_PATHS = NO;
				CLANG_ANALYZER_NONNULL = YES;
				CLANG_CXX_LANGUAGE_STANDARD = "gnu++0x";
				CLANG_CXX_LIBRARY = "libc++";
				CLANG_ENABLE_MODULES = YES;
				CLANG_ENABLE_OBJC_ARC = YES;
				CLANG_WARN_BOOL_CONVERSION = YES;
				CLANG_WARN_CONSTANT_CONVERSION = YES;
				CLANG_WARN_DIRECT_OBJC_ISA_USAGE = YES_ERROR;
				CLANG_WARN_EMPTY_BODY = YES;
				CLANG_WARN_ENUM_CONVERSION = YES;
				CLANG_WARN_INT_CONVERSION = YES;
				CLANG_WARN_OBJC_ROOT_CLASS = YES_ERROR;
				CLANG_WARN_UNREACHABLE_CODE = YES;
				CLANG_WARN__DUPLICATE_METHOD_MATCH = YES;
				"CODE_SIGN_IDENTITY[sdk=iphoneos*]" = "iPhone Developer";
				COPY_PHASE_STRIP = NO;
				DEBUG_INFORMATION_FORMAT = "dwarf-with-dsym";
				ENABLE_NS_ASSERTIONS = NO;
				ENABLE_STRICT_OBJC_MSGSEND = YES;
				GCC_C_LANGUAGE_STANDARD = gnu99;
				GCC_NO_COMMON_BLOCKS = YES;
				GCC_WARN_64_TO_32_BIT_CONVERSION = YES;
				GCC_WARN_ABOUT_RETURN_TYPE = YES_ERROR;
				GCC_WARN_UNDECLARED_SELECTOR = YES;
				GCC_WARN_UNINITIALIZED_AUTOS = YES_AGGRESSIVE;
				GCC_WARN_UNUSED_FUNCTION = YES;
				GCC_WARN_UNUSED_VARIABLE = YES;
				IPHONEOS_DEPLOYMENT_TARGET = 9.3;
				MTL_ENABLE_DEBUG_INFO = NO;
				SDKROOT = iphoneos;
				TARGETED_DEVICE_FAMILY = "1,2";
				VALIDATE_PRODUCT = YES;
			};
			name = Release;
		};
		0170D30A1D35690D0008BB0C /* Debug */ = {
			isa = XCBuildConfiguration;
			baseConfigurationReference = 4C8892FB9CD80C05AC2A1A24 /* Pods-MakeSchoolCourseBoard.debug.xcconfig */;
			buildSettings = {
				ASSETCATALOG_COMPILER_APPICON_NAME = AppIcon;
				CLANG_ENABLE_MODULES = YES;
				CODE_SIGN_IDENTITY = "iPhone Developer";
				"CODE_SIGN_IDENTITY[sdk=iphoneos*]" = "iPhone Developer";
				INFOPLIST_FILE = MakeSchoolCourseBoard/Info.plist;
				LD_RUNPATH_SEARCH_PATHS = "$(inherited) @executable_path/Frameworks";
				PRODUCT_BUNDLE_IDENTIFIER = "com.nicholas-swift.CourseBoard1";
				PRODUCT_NAME = "$(TARGET_NAME)";
				PROVISIONING_PROFILE = "fa5ba1ca-3215-49a0-9385-727a925f212b";
				SWIFT_OBJC_BRIDGING_HEADER = "$(inherited)";
				SWIFT_OPTIMIZATION_LEVEL = "-Onone";
			};
			name = Debug;
		};
		0170D30B1D35690D0008BB0C /* Release */ = {
			isa = XCBuildConfiguration;
			baseConfigurationReference = EF6CF268DE42CF6FFD1C939D /* Pods-MakeSchoolCourseBoard.release.xcconfig */;
			buildSettings = {
				ASSETCATALOG_COMPILER_APPICON_NAME = AppIcon;
				CLANG_ENABLE_MODULES = YES;
				CODE_SIGN_IDENTITY = "iPhone Developer";
				"CODE_SIGN_IDENTITY[sdk=iphoneos*]" = "iPhone Developer";
				INFOPLIST_FILE = MakeSchoolCourseBoard/Info.plist;
				LD_RUNPATH_SEARCH_PATHS = "$(inherited) @executable_path/Frameworks";
				PRODUCT_BUNDLE_IDENTIFIER = "com.nicholas-swift.CourseBoard1";
				PRODUCT_NAME = "$(TARGET_NAME)";
				PROVISIONING_PROFILE = "fa5ba1ca-3215-49a0-9385-727a925f212b";
				SWIFT_OBJC_BRIDGING_HEADER = "$(inherited)";
			};
			name = Release;
		};
/* End XCBuildConfiguration section */

/* Begin XCConfigurationList section */
		0170D2F21D35690D0008BB0C /* Build configuration list for PBXProject "MakeSchoolCourseBoard" */ = {
			isa = XCConfigurationList;
			buildConfigurations = (
				0170D3071D35690D0008BB0C /* Debug */,
				0170D3081D35690D0008BB0C /* Release */,
			);
			defaultConfigurationIsVisible = 0;
			defaultConfigurationName = Release;
		};
		0170D3091D35690D0008BB0C /* Build configuration list for PBXNativeTarget "MakeSchoolCourseBoard" */ = {
			isa = XCConfigurationList;
			buildConfigurations = (
				0170D30A1D35690D0008BB0C /* Debug */,
				0170D30B1D35690D0008BB0C /* Release */,
			);
			defaultConfigurationIsVisible = 0;
			defaultConfigurationName = Release;
		};
/* End XCConfigurationList section */
	};
	rootObject = 0170D2EF1D35690D0008BB0C /* Project object */;
}
